// !$*UTF8*$!
{
	archiveVersion = 1;
	classes = {
	};
	objectVersion = 56;
	objects = {

/* Begin PBXBuildFile section */
		46AA82D32C253A340065FFB0 /* AppDelegate.swift in Sources */ = {isa = PBXBuildFile; fileRef = 46AA82D22C253A340065FFB0 /* AppDelegate.swift */; };
		46AA82D52C253A340065FFB0 /* SceneDelegate.swift in Sources */ = {isa = PBXBuildFile; fileRef = 46AA82D42C253A340065FFB0 /* SceneDelegate.swift */; };
		46AA82D72C253A340065FFB0 /* ViewController.swift in Sources */ = {isa = PBXBuildFile; fileRef = 46AA82D62C253A340065FFB0 /* ViewController.swift */; };
		46AA82DA2C253A340065FFB0 /* Base in Resources */ = {isa = PBXBuildFile; fileRef = 46AA82D92C253A340065FFB0 /* Base */; };
		46AA82DC2C253A360065FFB0 /* Assets.xcassets in Resources */ = {isa = PBXBuildFile; fileRef = 46AA82DB2C253A360065FFB0 /* Assets.xcassets */; };
		46AA82DF2C253A360065FFB0 /* Base in Resources */ = {isa = PBXBuildFile; fileRef = 46AA82DE2C253A360065FFB0 /* Base */; };
		46AA82EA2C253A360065FFB0 /* UmbrellaTests.swift in Sources */ = {isa = PBXBuildFile; fileRef = 46AA82E92C253A360065FFB0 /* UmbrellaTests.swift */; };
		46AA82F42C253A360065FFB0 /* UmbrellaUITests.swift in Sources */ = {isa = PBXBuildFile; fileRef = 46AA82F32C253A360065FFB0 /* UmbrellaUITests.swift */; };
		46AA82F62C253A360065FFB0 /* UmbrellaUITestsLaunchTests.swift in Sources */ = {isa = PBXBuildFile; fileRef = 46AA82F52C253A360065FFB0 /* UmbrellaUITestsLaunchTests.swift */; };
		46AA830B2C253B3C0065FFB0 /* MainViewController.swift in Sources */ = {isa = PBXBuildFile; fileRef = 46AA83022C253B3B0065FFB0 /* MainViewController.swift */; };
		46AA830C2C253B3C0065FFB0 /* NotificationViewController.swift in Sources */ = {isa = PBXBuildFile; fileRef = 46AA83032C253B3B0065FFB0 /* NotificationViewController.swift */; };
		46AA830D2C253B3C0065FFB0 /* PrecipitationViewController.swift in Sources */ = {isa = PBXBuildFile; fileRef = 46AA83042C253B3B0065FFB0 /* PrecipitationViewController.swift */; };
		46AA830E2C253B3C0065FFB0 /* RainSoundViewController.swift in Sources */ = {isa = PBXBuildFile; fileRef = 46AA83052C253B3B0065FFB0 /* RainSoundViewController.swift */; };
		46AA830F2C253B3C0065FFB0 /* SearchController.swift in Sources */ = {isa = PBXBuildFile; fileRef = 46AA83062C253B3B0065FFB0 /* SearchController.swift */; };
		46AA83102C253B3C0065FFB0 /* SearchViewController.swift in Sources */ = {isa = PBXBuildFile; fileRef = 46AA83072C253B3B0065FFB0 /* SearchViewController.swift */; };
		46AA83112C253B3C0065FFB0 /* SettingViewController.swift in Sources */ = {isa = PBXBuildFile; fileRef = 46AA83082C253B3B0065FFB0 /* SettingViewController.swift */; };
		46AA83122C253B3C0065FFB0 /* TimeSettingViewController.swift in Sources */ = {isa = PBXBuildFile; fileRef = 46AA83092C253B3B0065FFB0 /* TimeSettingViewController.swift */; };
		46AA83162C253B570065FFB0 /* SearchResultCell.swift in Sources */ = {isa = PBXBuildFile; fileRef = 46AA83132C253B570065FFB0 /* SearchResultCell.swift */; };
		46AA83172C253B570065FFB0 /* WeatherCell.swift in Sources */ = {isa = PBXBuildFile; fileRef = 46AA83142C253B570065FFB0 /* WeatherCell.swift */; };
		46AA831C2C253B650065FFB0 /* extenstions.swift in Sources */ = {isa = PBXBuildFile; fileRef = 46AA83182C253B650065FFB0 /* extenstions.swift */; };
		46AA831D2C253B650065FFB0 /* MapKit+Extension.swift in Sources */ = {isa = PBXBuildFile; fileRef = 46AA83192C253B650065FFB0 /* MapKit+Extension.swift */; };
		46AA831E2C253B650065FFB0 /* SearchResultDelegate.swift in Sources */ = {isa = PBXBuildFile; fileRef = 46AA831A2C253B650065FFB0 /* SearchResultDelegate.swift */; };
		46AA83222C253B850065FFB0 /* rain.mp3 in Resources */ = {isa = PBXBuildFile; fileRef = 46AA83202C253B850065FFB0 /* rain.mp3 */; };
		46AA83252C253B8F0065FFB0 /* Theme.swift in Sources */ = {isa = PBXBuildFile; fileRef = 46AA83232C253B8F0065FFB0 /* Theme.swift */; };
		46AA832A2C253BF60065FFB0 /* Weatherkit.swift in Sources */ = {isa = PBXBuildFile; fileRef = 46AA83282C253BF60065FFB0 /* Weatherkit.swift */; };
		46AA832C2C253CCC0065FFB0 /* 우산챙겨요.plist in Resources */ = {isa = PBXBuildFile; fileRef = 46AA832B2C253CCC0065FFB0 /* 우산챙겨요.plist */; };
		46AA832E2C256C690065FFB0 /* MainTabController.swift in Sources */ = {isa = PBXBuildFile; fileRef = 46AA832D2C256C690065FFB0 /* MainTabController.swift */; };
		46AA83322C2572690065FFB0 /* SnapKit in Frameworks */ = {isa = PBXBuildFile; productRef = 46AA83312C2572690065FFB0 /* SnapKit */; };
		46AA83352C25727A0065FFB0 /* Then in Frameworks */ = {isa = PBXBuildFile; productRef = 46AA83342C25727A0065FFB0 /* Then */; };
		46AA83372C26DF380065FFB0 /* CumstomTabBar.swift in Sources */ = {isa = PBXBuildFile; fileRef = 46AA83362C26DF380065FFB0 /* CumstomTabBar.swift */; };
		46AA833A2C26DF780065FFB0 /* RxCocoa in Frameworks */ = {isa = PBXBuildFile; productRef = 46AA83392C26DF780065FFB0 /* RxCocoa */; };
		46AA833C2C26DF780065FFB0 /* RxSwift in Frameworks */ = {isa = PBXBuildFile; productRef = 46AA833B2C26DF780065FFB0 /* RxSwift */; };
/* End PBXBuildFile section */

/* Begin PBXContainerItemProxy section */
		46AA82E62C253A360065FFB0 /* PBXContainerItemProxy */ = {
			isa = PBXContainerItemProxy;
			containerPortal = 46AA82C72C253A340065FFB0 /* Project object */;
			proxyType = 1;
			remoteGlobalIDString = 46AA82CE2C253A340065FFB0;
			remoteInfo = Umbrella;
		};
		46AA82F02C253A360065FFB0 /* PBXContainerItemProxy */ = {
			isa = PBXContainerItemProxy;
			containerPortal = 46AA82C72C253A340065FFB0 /* Project object */;
			proxyType = 1;
			remoteGlobalIDString = 46AA82CE2C253A340065FFB0;
			remoteInfo = Umbrella;
		};
/* End PBXContainerItemProxy section */

/* Begin PBXFileReference section */
		46AA82CF2C253A340065FFB0 /* Umbrella.app */ = {isa = PBXFileReference; explicitFileType = wrapper.application; includeInIndex = 0; path = Umbrella.app; sourceTree = BUILT_PRODUCTS_DIR; };
		46AA82D22C253A340065FFB0 /* AppDelegate.swift */ = {isa = PBXFileReference; lastKnownFileType = sourcecode.swift; path = AppDelegate.swift; sourceTree = "<group>"; };
		46AA82D42C253A340065FFB0 /* SceneDelegate.swift */ = {isa = PBXFileReference; lastKnownFileType = sourcecode.swift; path = SceneDelegate.swift; sourceTree = "<group>"; };
		46AA82D62C253A340065FFB0 /* ViewController.swift */ = {isa = PBXFileReference; lastKnownFileType = sourcecode.swift; path = ViewController.swift; sourceTree = "<group>"; };
		46AA82D92C253A340065FFB0 /* Base */ = {isa = PBXFileReference; lastKnownFileType = file.storyboard; name = Base; path = Base.lproj/Main.storyboard; sourceTree = "<group>"; };
		46AA82DB2C253A360065FFB0 /* Assets.xcassets */ = {isa = PBXFileReference; lastKnownFileType = folder.assetcatalog; path = Assets.xcassets; sourceTree = "<group>"; };
		46AA82DE2C253A360065FFB0 /* Base */ = {isa = PBXFileReference; lastKnownFileType = file.storyboard; name = Base; path = Base.lproj/LaunchScreen.storyboard; sourceTree = "<group>"; };
		46AA82E02C253A360065FFB0 /* Info.plist */ = {isa = PBXFileReference; lastKnownFileType = text.plist.xml; path = Info.plist; sourceTree = "<group>"; };
		46AA82E52C253A360065FFB0 /* UmbrellaTests.xctest */ = {isa = PBXFileReference; explicitFileType = wrapper.cfbundle; includeInIndex = 0; path = UmbrellaTests.xctest; sourceTree = BUILT_PRODUCTS_DIR; };
		46AA82E92C253A360065FFB0 /* UmbrellaTests.swift */ = {isa = PBXFileReference; lastKnownFileType = sourcecode.swift; path = UmbrellaTests.swift; sourceTree = "<group>"; };
		46AA82EF2C253A360065FFB0 /* UmbrellaUITests.xctest */ = {isa = PBXFileReference; explicitFileType = wrapper.cfbundle; includeInIndex = 0; path = UmbrellaUITests.xctest; sourceTree = BUILT_PRODUCTS_DIR; };
		46AA82F32C253A360065FFB0 /* UmbrellaUITests.swift */ = {isa = PBXFileReference; lastKnownFileType = sourcecode.swift; path = UmbrellaUITests.swift; sourceTree = "<group>"; };
		46AA82F52C253A360065FFB0 /* UmbrellaUITestsLaunchTests.swift */ = {isa = PBXFileReference; lastKnownFileType = sourcecode.swift; path = UmbrellaUITestsLaunchTests.swift; sourceTree = "<group>"; };
		46AA83022C253B3B0065FFB0 /* MainViewController.swift */ = {isa = PBXFileReference; fileEncoding = 4; lastKnownFileType = sourcecode.swift; path = MainViewController.swift; sourceTree = "<group>"; };
		46AA83032C253B3B0065FFB0 /* NotificationViewController.swift */ = {isa = PBXFileReference; fileEncoding = 4; lastKnownFileType = sourcecode.swift; path = NotificationViewController.swift; sourceTree = "<group>"; };
		46AA83042C253B3B0065FFB0 /* PrecipitationViewController.swift */ = {isa = PBXFileReference; fileEncoding = 4; lastKnownFileType = sourcecode.swift; path = PrecipitationViewController.swift; sourceTree = "<group>"; };
		46AA83052C253B3B0065FFB0 /* RainSoundViewController.swift */ = {isa = PBXFileReference; fileEncoding = 4; lastKnownFileType = sourcecode.swift; path = RainSoundViewController.swift; sourceTree = "<group>"; };
		46AA83062C253B3B0065FFB0 /* SearchController.swift */ = {isa = PBXFileReference; fileEncoding = 4; lastKnownFileType = sourcecode.swift; path = SearchController.swift; sourceTree = "<group>"; };
		46AA83072C253B3B0065FFB0 /* SearchViewController.swift */ = {isa = PBXFileReference; fileEncoding = 4; lastKnownFileType = sourcecode.swift; path = SearchViewController.swift; sourceTree = "<group>"; };
		46AA83082C253B3B0065FFB0 /* SettingViewController.swift */ = {isa = PBXFileReference; fileEncoding = 4; lastKnownFileType = sourcecode.swift; path = SettingViewController.swift; sourceTree = "<group>"; };
		46AA83092C253B3B0065FFB0 /* TimeSettingViewController.swift */ = {isa = PBXFileReference; fileEncoding = 4; lastKnownFileType = sourcecode.swift; path = TimeSettingViewController.swift; sourceTree = "<group>"; };
		46AA83132C253B570065FFB0 /* SearchResultCell.swift */ = {isa = PBXFileReference; fileEncoding = 4; lastKnownFileType = sourcecode.swift; path = SearchResultCell.swift; sourceTree = "<group>"; };
		46AA83142C253B570065FFB0 /* WeatherCell.swift */ = {isa = PBXFileReference; fileEncoding = 4; lastKnownFileType = sourcecode.swift; path = WeatherCell.swift; sourceTree = "<group>"; };
		46AA83182C253B650065FFB0 /* extenstions.swift */ = {isa = PBXFileReference; fileEncoding = 4; lastKnownFileType = sourcecode.swift; path = extenstions.swift; sourceTree = "<group>"; };
		46AA83192C253B650065FFB0 /* MapKit+Extension.swift */ = {isa = PBXFileReference; fileEncoding = 4; lastKnownFileType = sourcecode.swift; path = "MapKit+Extension.swift"; sourceTree = "<group>"; };
		46AA831A2C253B650065FFB0 /* SearchResultDelegate.swift */ = {isa = PBXFileReference; fileEncoding = 4; lastKnownFileType = sourcecode.swift; path = SearchResultDelegate.swift; sourceTree = "<group>"; };
		46AA831F2C253B760065FFB0 /* Umbrella.entitlements */ = {isa = PBXFileReference; fileEncoding = 4; lastKnownFileType = text.plist.entitlements; path = Umbrella.entitlements; sourceTree = "<group>"; };
		46AA83202C253B850065FFB0 /* rain.mp3 */ = {isa = PBXFileReference; lastKnownFileType = audio.mp3; path = rain.mp3; sourceTree = "<group>"; };
		46AA83232C253B8F0065FFB0 /* Theme.swift */ = {isa = PBXFileReference; fileEncoding = 4; lastKnownFileType = sourcecode.swift; path = Theme.swift; sourceTree = "<group>"; };
		46AA83282C253BF60065FFB0 /* Weatherkit.swift */ = {isa = PBXFileReference; fileEncoding = 4; lastKnownFileType = sourcecode.swift; path = Weatherkit.swift; sourceTree = "<group>"; };
		46AA832B2C253CCC0065FFB0 /* 우산챙겨요.plist */ = {isa = PBXFileReference; fileEncoding = 4; lastKnownFileType = text.plist.xml; path = "우산챙겨요.plist"; sourceTree = "<group>"; };
		46AA832D2C256C690065FFB0 /* MainTabController.swift */ = {isa = PBXFileReference; lastKnownFileType = sourcecode.swift; path = MainTabController.swift; sourceTree = "<group>"; };
		46AA83362C26DF380065FFB0 /* CumstomTabBar.swift */ = {isa = PBXFileReference; lastKnownFileType = sourcecode.swift; path = CumstomTabBar.swift; sourceTree = "<group>"; };
/* End PBXFileReference section */

/* Begin PBXFrameworksBuildPhase section */
		46AA82CC2C253A340065FFB0 /* Frameworks */ = {
			isa = PBXFrameworksBuildPhase;
			buildActionMask = 2147483647;
			files = (
				46AA833A2C26DF780065FFB0 /* RxCocoa in Frameworks */,
				46AA83322C2572690065FFB0 /* SnapKit in Frameworks */,
				46AA833C2C26DF780065FFB0 /* RxSwift in Frameworks */,
				46AA83352C25727A0065FFB0 /* Then in Frameworks */,
			);
			runOnlyForDeploymentPostprocessing = 0;
		};
		46AA82E22C253A360065FFB0 /* Frameworks */ = {
			isa = PBXFrameworksBuildPhase;
			buildActionMask = 2147483647;
			files = (
			);
			runOnlyForDeploymentPostprocessing = 0;
		};
		46AA82EC2C253A360065FFB0 /* Frameworks */ = {
			isa = PBXFrameworksBuildPhase;
			buildActionMask = 2147483647;
			files = (
			);
			runOnlyForDeploymentPostprocessing = 0;
		};
/* End PBXFrameworksBuildPhase section */

/* Begin PBXGroup section */
		46AA82C62C253A340065FFB0 = {
			isa = PBXGroup;
			children = (
				46AA82D12C253A340065FFB0 /* Umbrella */,
				46AA82E82C253A360065FFB0 /* UmbrellaTests */,
				46AA82F22C253A360065FFB0 /* UmbrellaUITests */,
				46AA82D02C253A340065FFB0 /* Products */,
			);
			sourceTree = "<group>";
		};
		46AA82D02C253A340065FFB0 /* Products */ = {
			isa = PBXGroup;
			children = (
				46AA82CF2C253A340065FFB0 /* Umbrella.app */,
				46AA82E52C253A360065FFB0 /* UmbrellaTests.xctest */,
				46AA82EF2C253A360065FFB0 /* UmbrellaUITests.xctest */,
			);
			name = Products;
			sourceTree = "<group>";
		};
		46AA82D12C253A340065FFB0 /* Umbrella */ = {
			isa = PBXGroup;
			children = (
				46AA83292C253BF60065FFB0 /* API */,
				46AA83242C253B8F0065FFB0 /* Models */,
				46AA831B2C253B650065FFB0 /* Utilites */,
				46AA83152C253B570065FFB0 /* View */,
				46AA830A2C253B3B0065FFB0 /* Controllers */,
				46AA831F2C253B760065FFB0 /* Umbrella.entitlements */,
				46AA82D22C253A340065FFB0 /* AppDelegate.swift */,
				46AA82D42C253A340065FFB0 /* SceneDelegate.swift */,
				46AA82D62C253A340065FFB0 /* ViewController.swift */,
				46AA82D82C253A340065FFB0 /* Main.storyboard */,
				46AA82DB2C253A360065FFB0 /* Assets.xcassets */,
				46AA82DD2C253A360065FFB0 /* LaunchScreen.storyboard */,
				46AA83212C253B850065FFB0 /* RainSounds */,
				46AA82E02C253A360065FFB0 /* Info.plist */,
			);
			path = Umbrella;
			sourceTree = "<group>";
		};
		46AA82E82C253A360065FFB0 /* UmbrellaTests */ = {
			isa = PBXGroup;
			children = (
				46AA82E92C253A360065FFB0 /* UmbrellaTests.swift */,
			);
			path = UmbrellaTests;
			sourceTree = "<group>";
		};
		46AA82F22C253A360065FFB0 /* UmbrellaUITests */ = {
			isa = PBXGroup;
			children = (
				46AA82F32C253A360065FFB0 /* UmbrellaUITests.swift */,
				46AA82F52C253A360065FFB0 /* UmbrellaUITestsLaunchTests.swift */,
			);
			path = UmbrellaUITests;
			sourceTree = "<group>";
		};
		46AA830A2C253B3B0065FFB0 /* Controllers */ = {
			isa = PBXGroup;
			children = (
				46AA832D2C256C690065FFB0 /* MainTabController.swift */,
				46AA83022C253B3B0065FFB0 /* MainViewController.swift */,
				46AA83032C253B3B0065FFB0 /* NotificationViewController.swift */,
				46AA83042C253B3B0065FFB0 /* PrecipitationViewController.swift */,
				46AA83052C253B3B0065FFB0 /* RainSoundViewController.swift */,
				46AA83062C253B3B0065FFB0 /* SearchController.swift */,
				46AA83072C253B3B0065FFB0 /* SearchViewController.swift */,
				46AA83082C253B3B0065FFB0 /* SettingViewController.swift */,
				46AA83092C253B3B0065FFB0 /* TimeSettingViewController.swift */,
			);
			path = Controllers;
			sourceTree = "<group>";
		};
		46AA83152C253B570065FFB0 /* View */ = {
			isa = PBXGroup;
			children = (
				46AA83132C253B570065FFB0 /* SearchResultCell.swift */,
				46AA83142C253B570065FFB0 /* WeatherCell.swift */,
				46AA83362C26DF380065FFB0 /* CumstomTabBar.swift */,
			);
			path = View;
			sourceTree = "<group>";
		};
		46AA831B2C253B650065FFB0 /* Utilites */ = {
			isa = PBXGroup;
			children = (
				46AA83182C253B650065FFB0 /* extenstions.swift */,
				46AA83192C253B650065FFB0 /* MapKit+Extension.swift */,
				46AA831A2C253B650065FFB0 /* SearchResultDelegate.swift */,
			);
			path = Utilites;
			sourceTree = "<group>";
		};
		46AA83212C253B850065FFB0 /* RainSounds */ = {
			isa = PBXGroup;
			children = (
				46AA832B2C253CCC0065FFB0 /* 우산챙겨요.plist */,
				46AA83202C253B850065FFB0 /* rain.mp3 */,
			);
			path = RainSounds;
			sourceTree = "<group>";
		};
		46AA83242C253B8F0065FFB0 /* Models */ = {
			isa = PBXGroup;
			children = (
				46AA83232C253B8F0065FFB0 /* Theme.swift */,
			);
			path = Models;
			sourceTree = "<group>";
		};
		46AA83292C253BF60065FFB0 /* API */ = {
			isa = PBXGroup;
			children = (
				46AA83282C253BF60065FFB0 /* Weatherkit.swift */,
			);
			path = API;
			sourceTree = "<group>";
		};
/* End PBXGroup section */

/* Begin PBXNativeTarget section */
		46AA82CE2C253A340065FFB0 /* Umbrella */ = {
			isa = PBXNativeTarget;
			buildConfigurationList = 46AA82F92C253A360065FFB0 /* Build configuration list for PBXNativeTarget "Umbrella" */;
			buildPhases = (
				46AA82CB2C253A340065FFB0 /* Sources */,
				46AA82CC2C253A340065FFB0 /* Frameworks */,
				46AA82CD2C253A340065FFB0 /* Resources */,
			);
			buildRules = (
			);
			dependencies = (
			);
			name = Umbrella;
			packageProductDependencies = (
				46AA83312C2572690065FFB0 /* SnapKit */,
				46AA83342C25727A0065FFB0 /* Then */,
				46AA83392C26DF780065FFB0 /* RxCocoa */,
				46AA833B2C26DF780065FFB0 /* RxSwift */,
			);
			productName = Umbrella;
			productReference = 46AA82CF2C253A340065FFB0 /* Umbrella.app */;
			productType = "com.apple.product-type.application";
		};
		46AA82E42C253A360065FFB0 /* UmbrellaTests */ = {
			isa = PBXNativeTarget;
			buildConfigurationList = 46AA82FC2C253A360065FFB0 /* Build configuration list for PBXNativeTarget "UmbrellaTests" */;
			buildPhases = (
				46AA82E12C253A360065FFB0 /* Sources */,
				46AA82E22C253A360065FFB0 /* Frameworks */,
				46AA82E32C253A360065FFB0 /* Resources */,
			);
			buildRules = (
			);
			dependencies = (
				46AA82E72C253A360065FFB0 /* PBXTargetDependency */,
			);
			name = UmbrellaTests;
			productName = UmbrellaTests;
			productReference = 46AA82E52C253A360065FFB0 /* UmbrellaTests.xctest */;
			productType = "com.apple.product-type.bundle.unit-test";
		};
		46AA82EE2C253A360065FFB0 /* UmbrellaUITests */ = {
			isa = PBXNativeTarget;
			buildConfigurationList = 46AA82FF2C253A360065FFB0 /* Build configuration list for PBXNativeTarget "UmbrellaUITests" */;
			buildPhases = (
				46AA82EB2C253A360065FFB0 /* Sources */,
				46AA82EC2C253A360065FFB0 /* Frameworks */,
				46AA82ED2C253A360065FFB0 /* Resources */,
			);
			buildRules = (
			);
			dependencies = (
				46AA82F12C253A360065FFB0 /* PBXTargetDependency */,
			);
			name = UmbrellaUITests;
			productName = UmbrellaUITests;
			productReference = 46AA82EF2C253A360065FFB0 /* UmbrellaUITests.xctest */;
			productType = "com.apple.product-type.bundle.ui-testing";
		};
/* End PBXNativeTarget section */

/* Begin PBXProject section */
		46AA82C72C253A340065FFB0 /* Project object */ = {
			isa = PBXProject;
			attributes = {
				BuildIndependentTargetsInParallel = 1;
				LastSwiftUpdateCheck = 1540;
				LastUpgradeCheck = 1540;
				TargetAttributes = {
					46AA82CE2C253A340065FFB0 = {
						CreatedOnToolsVersion = 15.4;
					};
					46AA82E42C253A360065FFB0 = {
						CreatedOnToolsVersion = 15.4;
						TestTargetID = 46AA82CE2C253A340065FFB0;
					};
					46AA82EE2C253A360065FFB0 = {
						CreatedOnToolsVersion = 15.4;
						TestTargetID = 46AA82CE2C253A340065FFB0;
					};
				};
			};
			buildConfigurationList = 46AA82CA2C253A340065FFB0 /* Build configuration list for PBXProject "Umbrella" */;
			compatibilityVersion = "Xcode 14.0";
			developmentRegion = en;
			hasScannedForEncodings = 0;
			knownRegions = (
				en,
				Base,
			);
			mainGroup = 46AA82C62C253A340065FFB0;
			packageReferences = (
				46AA83302C2572690065FFB0 /* XCRemoteSwiftPackageReference "SnapKit" */,
				46AA83332C25727A0065FFB0 /* XCRemoteSwiftPackageReference "Then" */,
				46AA83382C26DF780065FFB0 /* XCRemoteSwiftPackageReference "rxswift" */,
			);
			productRefGroup = 46AA82D02C253A340065FFB0 /* Products */;
			projectDirPath = "";
			projectRoot = "";
			targets = (
				46AA82CE2C253A340065FFB0 /* Umbrella */,
				46AA82E42C253A360065FFB0 /* UmbrellaTests */,
				46AA82EE2C253A360065FFB0 /* UmbrellaUITests */,
			);
		};
/* End PBXProject section */

/* Begin PBXResourcesBuildPhase section */
		46AA82CD2C253A340065FFB0 /* Resources */ = {
			isa = PBXResourcesBuildPhase;
			buildActionMask = 2147483647;
			files = (
				46AA83222C253B850065FFB0 /* rain.mp3 in Resources */,
				46AA82DC2C253A360065FFB0 /* Assets.xcassets in Resources */,
				46AA82DF2C253A360065FFB0 /* Base in Resources */,
				46AA832C2C253CCC0065FFB0 /* 우산챙겨요.plist in Resources */,
				46AA82DA2C253A340065FFB0 /* Base in Resources */,
			);
			runOnlyForDeploymentPostprocessing = 0;
		};
		46AA82E32C253A360065FFB0 /* Resources */ = {
			isa = PBXResourcesBuildPhase;
			buildActionMask = 2147483647;
			files = (
			);
			runOnlyForDeploymentPostprocessing = 0;
		};
		46AA82ED2C253A360065FFB0 /* Resources */ = {
			isa = PBXResourcesBuildPhase;
			buildActionMask = 2147483647;
			files = (
			);
			runOnlyForDeploymentPostprocessing = 0;
		};
/* End PBXResourcesBuildPhase section */

/* Begin PBXSourcesBuildPhase section */
		46AA82CB2C253A340065FFB0 /* Sources */ = {
			isa = PBXSourcesBuildPhase;
			buildActionMask = 2147483647;
			files = (
				46AA830C2C253B3C0065FFB0 /* NotificationViewController.swift in Sources */,
				46AA82D72C253A340065FFB0 /* ViewController.swift in Sources */,
				46AA83372C26DF380065FFB0 /* CumstomTabBar.swift in Sources */,
				46AA82D32C253A340065FFB0 /* AppDelegate.swift in Sources */,
				46AA832E2C256C690065FFB0 /* MainTabController.swift in Sources */,
				46AA83102C253B3C0065FFB0 /* SearchViewController.swift in Sources */,
				46AA831C2C253B650065FFB0 /* extenstions.swift in Sources */,
				46AA831E2C253B650065FFB0 /* SearchResultDelegate.swift in Sources */,
				46AA83172C253B570065FFB0 /* WeatherCell.swift in Sources */,
				46AA832A2C253BF60065FFB0 /* Weatherkit.swift in Sources */,
				46AA830F2C253B3C0065FFB0 /* SearchController.swift in Sources */,
				46AA83112C253B3C0065FFB0 /* SettingViewController.swift in Sources */,
				46AA82D52C253A340065FFB0 /* SceneDelegate.swift in Sources */,
				46AA831D2C253B650065FFB0 /* MapKit+Extension.swift in Sources */,
				46AA830D2C253B3C0065FFB0 /* PrecipitationViewController.swift in Sources */,
				46AA830B2C253B3C0065FFB0 /* MainViewController.swift in Sources */,
				46AA830E2C253B3C0065FFB0 /* RainSoundViewController.swift in Sources */,
				46AA83162C253B570065FFB0 /* SearchResultCell.swift in Sources */,
				46AA83122C253B3C0065FFB0 /* TimeSettingViewController.swift in Sources */,
				46AA83252C253B8F0065FFB0 /* Theme.swift in Sources */,
			);
			runOnlyForDeploymentPostprocessing = 0;
		};
		46AA82E12C253A360065FFB0 /* Sources */ = {
			isa = PBXSourcesBuildPhase;
			buildActionMask = 2147483647;
			files = (
				46AA82EA2C253A360065FFB0 /* UmbrellaTests.swift in Sources */,
			);
			runOnlyForDeploymentPostprocessing = 0;
		};
		46AA82EB2C253A360065FFB0 /* Sources */ = {
			isa = PBXSourcesBuildPhase;
			buildActionMask = 2147483647;
			files = (
				46AA82F62C253A360065FFB0 /* UmbrellaUITestsLaunchTests.swift in Sources */,
				46AA82F42C253A360065FFB0 /* UmbrellaUITests.swift in Sources */,
			);
			runOnlyForDeploymentPostprocessing = 0;
		};
/* End PBXSourcesBuildPhase section */

/* Begin PBXTargetDependency section */
		46AA82E72C253A360065FFB0 /* PBXTargetDependency */ = {
			isa = PBXTargetDependency;
			target = 46AA82CE2C253A340065FFB0 /* Umbrella */;
			targetProxy = 46AA82E62C253A360065FFB0 /* PBXContainerItemProxy */;
		};
		46AA82F12C253A360065FFB0 /* PBXTargetDependency */ = {
			isa = PBXTargetDependency;
			target = 46AA82CE2C253A340065FFB0 /* Umbrella */;
			targetProxy = 46AA82F02C253A360065FFB0 /* PBXContainerItemProxy */;
		};
/* End PBXTargetDependency section */

/* Begin PBXVariantGroup section */
		46AA82D82C253A340065FFB0 /* Main.storyboard */ = {
			isa = PBXVariantGroup;
			children = (
				46AA82D92C253A340065FFB0 /* Base */,
			);
			name = Main.storyboard;
			sourceTree = "<group>";
		};
		46AA82DD2C253A360065FFB0 /* LaunchScreen.storyboard */ = {
			isa = PBXVariantGroup;
			children = (
				46AA82DE2C253A360065FFB0 /* Base */,
			);
			name = LaunchScreen.storyboard;
			sourceTree = "<group>";
		};
/* End PBXVariantGroup section */

/* Begin XCBuildConfiguration section */
		46AA82F72C253A360065FFB0 /* Debug */ = {
			isa = XCBuildConfiguration;
			buildSettings = {
				ALWAYS_SEARCH_USER_PATHS = NO;
				ASSETCATALOG_COMPILER_GENERATE_SWIFT_ASSET_SYMBOL_EXTENSIONS = YES;
				CLANG_ANALYZER_NONNULL = YES;
				CLANG_ANALYZER_NUMBER_OBJECT_CONVERSION = YES_AGGRESSIVE;
				CLANG_CXX_LANGUAGE_STANDARD = "gnu++20";
				CLANG_ENABLE_MODULES = YES;
				CLANG_ENABLE_OBJC_ARC = YES;
				CLANG_ENABLE_OBJC_WEAK = YES;
				CLANG_WARN_BLOCK_CAPTURE_AUTORELEASING = YES;
				CLANG_WARN_BOOL_CONVERSION = YES;
				CLANG_WARN_COMMA = YES;
				CLANG_WARN_CONSTANT_CONVERSION = YES;
				CLANG_WARN_DEPRECATED_OBJC_IMPLEMENTATIONS = YES;
				CLANG_WARN_DIRECT_OBJC_ISA_USAGE = YES_ERROR;
				CLANG_WARN_DOCUMENTATION_COMMENTS = YES;
				CLANG_WARN_EMPTY_BODY = YES;
				CLANG_WARN_ENUM_CONVERSION = YES;
				CLANG_WARN_INFINITE_RECURSION = YES;
				CLANG_WARN_INT_CONVERSION = YES;
				CLANG_WARN_NON_LITERAL_NULL_CONVERSION = YES;
				CLANG_WARN_OBJC_IMPLICIT_RETAIN_SELF = YES;
				CLANG_WARN_OBJC_LITERAL_CONVERSION = YES;
				CLANG_WARN_OBJC_ROOT_CLASS = YES_ERROR;
				CLANG_WARN_QUOTED_INCLUDE_IN_FRAMEWORK_HEADER = YES;
				CLANG_WARN_RANGE_LOOP_ANALYSIS = YES;
				CLANG_WARN_STRICT_PROTOTYPES = YES;
				CLANG_WARN_SUSPICIOUS_MOVE = YES;
				CLANG_WARN_UNGUARDED_AVAILABILITY = YES_AGGRESSIVE;
				CLANG_WARN_UNREACHABLE_CODE = YES;
				CLANG_WARN__DUPLICATE_METHOD_MATCH = YES;
				COPY_PHASE_STRIP = NO;
				DEBUG_INFORMATION_FORMAT = dwarf;
				ENABLE_STRICT_OBJC_MSGSEND = YES;
				ENABLE_TESTABILITY = YES;
				ENABLE_USER_SCRIPT_SANDBOXING = YES;
				GCC_C_LANGUAGE_STANDARD = gnu17;
				GCC_DYNAMIC_NO_PIC = NO;
				GCC_NO_COMMON_BLOCKS = YES;
				GCC_OPTIMIZATION_LEVEL = 0;
				GCC_PREPROCESSOR_DEFINITIONS = (
					"DEBUG=1",
					"$(inherited)",
				);
				GCC_WARN_64_TO_32_BIT_CONVERSION = YES;
				GCC_WARN_ABOUT_RETURN_TYPE = YES_ERROR;
				GCC_WARN_UNDECLARED_SELECTOR = YES;
				GCC_WARN_UNINITIALIZED_AUTOS = YES_AGGRESSIVE;
				GCC_WARN_UNUSED_FUNCTION = YES;
				GCC_WARN_UNUSED_VARIABLE = YES;
				IPHONEOS_DEPLOYMENT_TARGET = 17.5;
				LOCALIZATION_PREFERS_STRING_CATALOGS = YES;
				MTL_ENABLE_DEBUG_INFO = INCLUDE_SOURCE;
				MTL_FAST_MATH = YES;
				ONLY_ACTIVE_ARCH = YES;
				SDKROOT = iphoneos;
				SWIFT_ACTIVE_COMPILATION_CONDITIONS = "DEBUG $(inherited)";
				SWIFT_OPTIMIZATION_LEVEL = "-Onone";
			};
			name = Debug;
		};
		46AA82F82C253A360065FFB0 /* Release */ = {
			isa = XCBuildConfiguration;
			buildSettings = {
				ALWAYS_SEARCH_USER_PATHS = NO;
				ASSETCATALOG_COMPILER_GENERATE_SWIFT_ASSET_SYMBOL_EXTENSIONS = YES;
				CLANG_ANALYZER_NONNULL = YES;
				CLANG_ANALYZER_NUMBER_OBJECT_CONVERSION = YES_AGGRESSIVE;
				CLANG_CXX_LANGUAGE_STANDARD = "gnu++20";
				CLANG_ENABLE_MODULES = YES;
				CLANG_ENABLE_OBJC_ARC = YES;
				CLANG_ENABLE_OBJC_WEAK = YES;
				CLANG_WARN_BLOCK_CAPTURE_AUTORELEASING = YES;
				CLANG_WARN_BOOL_CONVERSION = YES;
				CLANG_WARN_COMMA = YES;
				CLANG_WARN_CONSTANT_CONVERSION = YES;
				CLANG_WARN_DEPRECATED_OBJC_IMPLEMENTATIONS = YES;
				CLANG_WARN_DIRECT_OBJC_ISA_USAGE = YES_ERROR;
				CLANG_WARN_DOCUMENTATION_COMMENTS = YES;
				CLANG_WARN_EMPTY_BODY = YES;
				CLANG_WARN_ENUM_CONVERSION = YES;
				CLANG_WARN_INFINITE_RECURSION = YES;
				CLANG_WARN_INT_CONVERSION = YES;
				CLANG_WARN_NON_LITERAL_NULL_CONVERSION = YES;
				CLANG_WARN_OBJC_IMPLICIT_RETAIN_SELF = YES;
				CLANG_WARN_OBJC_LITERAL_CONVERSION = YES;
				CLANG_WARN_OBJC_ROOT_CLASS = YES_ERROR;
				CLANG_WARN_QUOTED_INCLUDE_IN_FRAMEWORK_HEADER = YES;
				CLANG_WARN_RANGE_LOOP_ANALYSIS = YES;
				CLANG_WARN_STRICT_PROTOTYPES = YES;
				CLANG_WARN_SUSPICIOUS_MOVE = YES;
				CLANG_WARN_UNGUARDED_AVAILABILITY = YES_AGGRESSIVE;
				CLANG_WARN_UNREACHABLE_CODE = YES;
				CLANG_WARN__DUPLICATE_METHOD_MATCH = YES;
				COPY_PHASE_STRIP = NO;
				DEBUG_INFORMATION_FORMAT = "dwarf-with-dsym";
				ENABLE_NS_ASSERTIONS = NO;
				ENABLE_STRICT_OBJC_MSGSEND = YES;
				ENABLE_USER_SCRIPT_SANDBOXING = YES;
				GCC_C_LANGUAGE_STANDARD = gnu17;
				GCC_NO_COMMON_BLOCKS = YES;
				GCC_WARN_64_TO_32_BIT_CONVERSION = YES;
				GCC_WARN_ABOUT_RETURN_TYPE = YES_ERROR;
				GCC_WARN_UNDECLARED_SELECTOR = YES;
				GCC_WARN_UNINITIALIZED_AUTOS = YES_AGGRESSIVE;
				GCC_WARN_UNUSED_FUNCTION = YES;
				GCC_WARN_UNUSED_VARIABLE = YES;
				IPHONEOS_DEPLOYMENT_TARGET = 17.5;
				LOCALIZATION_PREFERS_STRING_CATALOGS = YES;
				MTL_ENABLE_DEBUG_INFO = NO;
				MTL_FAST_MATH = YES;
				SDKROOT = iphoneos;
				SWIFT_COMPILATION_MODE = wholemodule;
				VALIDATE_PRODUCT = YES;
			};
			name = Release;
		};
		46AA82FA2C253A360065FFB0 /* Debug */ = {
			isa = XCBuildConfiguration;
			buildSettings = {
				ASSETCATALOG_COMPILER_APPICON_NAME = AppIcon;
				ASSETCATALOG_COMPILER_GLOBAL_ACCENT_COLOR_NAME = AccentColor;
				CODE_SIGN_STYLE = Automatic;
				CURRENT_PROJECT_VERSION = 1;
				DEVELOPMENT_TEAM = 7K76RWRQBL;
				GENERATE_INFOPLIST_FILE = YES;
				INFOPLIST_FILE = Umbrella/Info.plist;
				INFOPLIST_KEY_UIApplicationSupportsIndirectInputEvents = YES;
				INFOPLIST_KEY_UILaunchStoryboardName = LaunchScreen;
				INFOPLIST_KEY_UIMainStoryboardFile = Main;
				INFOPLIST_KEY_UISupportedInterfaceOrientations_iPad = "UIInterfaceOrientationPortrait UIInterfaceOrientationPortraitUpsideDown UIInterfaceOrientationLandscapeLeft UIInterfaceOrientationLandscapeRight";
				INFOPLIST_KEY_UISupportedInterfaceOrientations_iPhone = "UIInterfaceOrientationPortrait UIInterfaceOrientationLandscapeLeft UIInterfaceOrientationLandscapeRight";
				IPHONEOS_DEPLOYMENT_TARGET = 16.0;
				LD_RUNPATH_SEARCH_PATHS = (
					"$(inherited)",
					"@executable_path/Frameworks",
				);
				MARKETING_VERSION = 1.0;
				PRODUCT_BUNDLE_IDENTIFIER = com.jaeHyeonLim9298.Umbrella;
				PRODUCT_NAME = "$(TARGET_NAME)";
				SWIFT_EMIT_LOC_STRINGS = YES;
				SWIFT_VERSION = 5.0;
				TARGETED_DEVICE_FAMILY = "1,2";
			};
			name = Debug;
		};
		46AA82FB2C253A360065FFB0 /* Release */ = {
			isa = XCBuildConfiguration;
			buildSettings = {
				ASSETCATALOG_COMPILER_APPICON_NAME = AppIcon;
				ASSETCATALOG_COMPILER_GLOBAL_ACCENT_COLOR_NAME = AccentColor;
				CODE_SIGN_STYLE = Automatic;
				CURRENT_PROJECT_VERSION = 1;
				DEVELOPMENT_TEAM = 7K76RWRQBL;
				GENERATE_INFOPLIST_FILE = YES;
				INFOPLIST_FILE = Umbrella/Info.plist;
				INFOPLIST_KEY_UIApplicationSupportsIndirectInputEvents = YES;
				INFOPLIST_KEY_UILaunchStoryboardName = LaunchScreen;
				INFOPLIST_KEY_UIMainStoryboardFile = Main;
				INFOPLIST_KEY_UISupportedInterfaceOrientations_iPad = "UIInterfaceOrientationPortrait UIInterfaceOrientationPortraitUpsideDown UIInterfaceOrientationLandscapeLeft UIInterfaceOrientationLandscapeRight";
				INFOPLIST_KEY_UISupportedInterfaceOrientations_iPhone = "UIInterfaceOrientationPortrait UIInterfaceOrientationLandscapeLeft UIInterfaceOrientationLandscapeRight";
				IPHONEOS_DEPLOYMENT_TARGET = 16.0;
				LD_RUNPATH_SEARCH_PATHS = (
					"$(inherited)",
					"@executable_path/Frameworks",
				);
				MARKETING_VERSION = 1.0;
				PRODUCT_BUNDLE_IDENTIFIER = com.jaeHyeonLim9298.Umbrella;
				PRODUCT_NAME = "$(TARGET_NAME)";
				SWIFT_EMIT_LOC_STRINGS = YES;
				SWIFT_VERSION = 5.0;
				TARGETED_DEVICE_FAMILY = "1,2";
			};
			name = Release;
		};
		46AA82FD2C253A360065FFB0 /* Debug */ = {
			isa = XCBuildConfiguration;
			buildSettings = {
				ALWAYS_EMBED_SWIFT_STANDARD_LIBRARIES = YES;
				BUNDLE_LOADER = "$(TEST_HOST)";
				CODE_SIGN_STYLE = Automatic;
				CURRENT_PROJECT_VERSION = 1;
				DEVELOPMENT_TEAM = 7K76RWRQBL;
				GENERATE_INFOPLIST_FILE = YES;
				IPHONEOS_DEPLOYMENT_TARGET = 17.5;
				MARKETING_VERSION = 1.0;
				PRODUCT_BUNDLE_IDENTIFIER = com.jaeHyeonLim9298.UmbrellaTests;
				PRODUCT_NAME = "$(TARGET_NAME)";
				SWIFT_EMIT_LOC_STRINGS = NO;
				SWIFT_VERSION = 5.0;
				TARGETED_DEVICE_FAMILY = "1,2";
				TEST_HOST = "$(BUILT_PRODUCTS_DIR)/Umbrella.app/$(BUNDLE_EXECUTABLE_FOLDER_PATH)/Umbrella";
			};
			name = Debug;
		};
		46AA82FE2C253A360065FFB0 /* Release */ = {
			isa = XCBuildConfiguration;
			buildSettings = {
				ALWAYS_EMBED_SWIFT_STANDARD_LIBRARIES = YES;
				BUNDLE_LOADER = "$(TEST_HOST)";
				CODE_SIGN_STYLE = Automatic;
				CURRENT_PROJECT_VERSION = 1;
				DEVELOPMENT_TEAM = 7K76RWRQBL;
				GENERATE_INFOPLIST_FILE = YES;
				IPHONEOS_DEPLOYMENT_TARGET = 17.5;
				MARKETING_VERSION = 1.0;
				PRODUCT_BUNDLE_IDENTIFIER = com.jaeHyeonLim9298.UmbrellaTests;
				PRODUCT_NAME = "$(TARGET_NAME)";
				SWIFT_EMIT_LOC_STRINGS = NO;
				SWIFT_VERSION = 5.0;
				TARGETED_DEVICE_FAMILY = "1,2";
				TEST_HOST = "$(BUILT_PRODUCTS_DIR)/Umbrella.app/$(BUNDLE_EXECUTABLE_FOLDER_PATH)/Umbrella";
			};
			name = Release;
		};
		46AA83002C253A360065FFB0 /* Debug */ = {
			isa = XCBuildConfiguration;
			buildSettings = {
				ALWAYS_EMBED_SWIFT_STANDARD_LIBRARIES = YES;
				CODE_SIGN_STYLE = Automatic;
				CURRENT_PROJECT_VERSION = 1;
				DEVELOPMENT_TEAM = 7K76RWRQBL;
				GENERATE_INFOPLIST_FILE = YES;
				MARKETING_VERSION = 1.0;
				PRODUCT_BUNDLE_IDENTIFIER = com.jaeHyeonLim9298.UmbrellaUITests;
				PRODUCT_NAME = "$(TARGET_NAME)";
				SWIFT_EMIT_LOC_STRINGS = NO;
				SWIFT_VERSION = 5.0;
				TARGETED_DEVICE_FAMILY = "1,2";
				TEST_TARGET_NAME = Umbrella;
			};
			name = Debug;
		};
		46AA83012C253A360065FFB0 /* Release */ = {
			isa = XCBuildConfiguration;
			buildSettings = {
				ALWAYS_EMBED_SWIFT_STANDARD_LIBRARIES = YES;
				CODE_SIGN_STYLE = Automatic;
				CURRENT_PROJECT_VERSION = 1;
				DEVELOPMENT_TEAM = 7K76RWRQBL;
				GENERATE_INFOPLIST_FILE = YES;
				MARKETING_VERSION = 1.0;
				PRODUCT_BUNDLE_IDENTIFIER = com.jaeHyeonLim9298.UmbrellaUITests;
				PRODUCT_NAME = "$(TARGET_NAME)";
				SWIFT_EMIT_LOC_STRINGS = NO;
				SWIFT_VERSION = 5.0;
				TARGETED_DEVICE_FAMILY = "1,2";
				TEST_TARGET_NAME = Umbrella;
			};
			name = Release;
		};
/* End XCBuildConfiguration section */

/* Begin XCConfigurationList section */
		46AA82CA2C253A340065FFB0 /* Build configuration list for PBXProject "Umbrella" */ = {
			isa = XCConfigurationList;
			buildConfigurations = (
				46AA82F72C253A360065FFB0 /* Debug */,
				46AA82F82C253A360065FFB0 /* Release */,
			);
			defaultConfigurationIsVisible = 0;
			defaultConfigurationName = Release;
		};
		46AA82F92C253A360065FFB0 /* Build configuration list for PBXNativeTarget "Umbrella" */ = {
			isa = XCConfigurationList;
			buildConfigurations = (
				46AA82FA2C253A360065FFB0 /* Debug */,
				46AA82FB2C253A360065FFB0 /* Release */,
			);
			defaultConfigurationIsVisible = 0;
			defaultConfigurationName = Release;
		};
		46AA82FC2C253A360065FFB0 /* Build configuration list for PBXNativeTarget "UmbrellaTests" */ = {
			isa = XCConfigurationList;
			buildConfigurations = (
				46AA82FD2C253A360065FFB0 /* Debug */,
				46AA82FE2C253A360065FFB0 /* Release */,
			);
			defaultConfigurationIsVisible = 0;
			defaultConfigurationName = Release;
		};
		46AA82FF2C253A360065FFB0 /* Build configuration list for PBXNativeTarget "UmbrellaUITests" */ = {
			isa = XCConfigurationList;
			buildConfigurations = (
				46AA83002C253A360065FFB0 /* Debug */,
				46AA83012C253A360065FFB0 /* Release */,
			);
			defaultConfigurationIsVisible = 0;
			defaultConfigurationName = Release;
		};
/* End XCConfigurationList section */

/* Begin XCRemoteSwiftPackageReference section */
		46AA83302C2572690065FFB0 /* XCRemoteSwiftPackageReference "SnapKit" */ = {
			isa = XCRemoteSwiftPackageReference;
			repositoryURL = "https://github.com/SnapKit/SnapKit.git";
			requirement = {
				kind = exactVersion;
				version = 5.7.1;
			};
		};
		46AA83332C25727A0065FFB0 /* XCRemoteSwiftPackageReference "Then" */ = {
			isa = XCRemoteSwiftPackageReference;
			repositoryURL = "https://github.com/devxoul/Then";
			requirement = {
				kind = upToNextMajorVersion;
				minimumVersion = 3.0.0;
			};
		};
		46AA83382C26DF780065FFB0 /* XCRemoteSwiftPackageReference "rxswift" */ = {
			isa = XCRemoteSwiftPackageReference;
			repositoryURL = "https://github.com/reactivex/rxswift";
			requirement = {
				kind = exactVersion;
				version = 6.7.1;
			};
		};
/* End XCRemoteSwiftPackageReference section */

/* Begin XCSwiftPackageProductDependency section */
		46AA83312C2572690065FFB0 /* SnapKit */ = {
			isa = XCSwiftPackageProductDependency;
			package = 46AA83302C2572690065FFB0 /* XCRemoteSwiftPackageReference "SnapKit" */;
			productName = SnapKit;
		};
		46AA83342C25727A0065FFB0 /* Then */ = {
			isa = XCSwiftPackageProductDependency;
			package = 46AA83332C25727A0065FFB0 /* XCRemoteSwiftPackageReference "Then" */;
			productName = Then;
		};
		46AA83392C26DF780065FFB0 /* RxCocoa */ = {
			isa = XCSwiftPackageProductDependency;
			package = 46AA83382C26DF780065FFB0 /* XCRemoteSwiftPackageReference "rxswift" */;
			productName = RxCocoa;
		};
		46AA833B2C26DF780065FFB0 /* RxSwift */ = {
			isa = XCSwiftPackageProductDependency;
			package = 46AA83382C26DF780065FFB0 /* XCRemoteSwiftPackageReference "rxswift" */;
			productName = RxSwift;
		};
/* End XCSwiftPackageProductDependency section */
	};
	rootObject = 46AA82C72C253A340065FFB0 /* Project object */;
}
